
Microsoft Visual Studio Solution File, Format Version 11.00
# Visual Studio 2010
Project("{FAE04EC0-301F-11D3-BF4B-00C04F79EFBC}") = "Pharmacy", "Pharmacy\Pharmacy.csproj", "{139CC630-4DFC-4282-A5D1-E1DFFE914B0B}"
EndProject
Project("{54435603-DBB4-11D2-8724-00A0C9A8B90C}") = "SJMED System", "..\..\SJMED Installer\SJMED System.vdproj", "{45585943-EFD8-49A8-8225-D38A9A5173B9}"
EndProject
Global
	GlobalSection(SolutionConfigurationPlatforms) = preSolution
		Debug|x86 = Debug|x86
		Release|x86 = Release|x86
	EndGlobalSection
	GlobalSection(ProjectConfigurationPlatforms) = postSolution
		{139CC630-4DFC-4282-A5D1-E1DFFE914B0B}.Debug|x86.ActiveCfg = Debug|x86
		{139CC630-4DFC-4282-A5D1-E1DFFE914B0B}.Debug|x86.Build.0 = Debug|x86
		{139CC630-4DFC-4282-A5D1-E1DFFE914B0B}.Release|x86.ActiveCfg = Release|x86
		{139CC630-4DFC-4282-A5D1-E1DFFE914B0B}.Release|x86.Build.0 = Release|x86
		{45585943-EFD8-49A8-8225-D38A9A5173B9}.Debug|x86.ActiveCfg = Debug
		{45585943-EFD8-49A8-8225-D38A9A5173B9}.Release|x86.ActiveCfg = Release
	EndGlobalSection
	GlobalSection(SolutionProperties) = preSolution
		HideSolutionNode = FALSE
	EndGlobalSection
EndGlobal
